
Microsoft Visual Studio Solution File, Format Version 12.00
# Visual Studio 15
VisualStudioVersion = 15.0.28010.2016
MinimumVisualStudioVersion = 10.0.40219.1
Project("{FAE04EC0-301F-11D3-BF4B-00C04F79EFBC}") = "SolidDynamics,TestDataSampling", "SolidDynamics.RandomRecordSelector\SolidDynamics,TestDataSampling.csproj", "{1AA69CB6-0235-4D1C-9897-10B22292C0FA}"
EndProject
Project("{FAE04EC0-301F-11D3-BF4B-00C04F79EFBC}") = "SolidDynamics.TestDataSampling.Tests", "SolidDynamics.TestDataSampling.Tests\SolidDynamics.TestDataSampling.Tests.csproj", "{2C5402CB-8DAD-41BC-9421-86E8D5A7F1FC}"
EndProject
Global
	GlobalSection(SolutionConfigurationPlatforms) = preSolution
		Debug|Any CPU = Debug|Any CPU
		Release|Any CPU = Release|Any CPU
	EndGlobalSection
	GlobalSection(ProjectConfigurationPlatforms) = postSolution
		{1AA69CB6-0235-4D1C-9897-10B22292C0FA}.Debug|Any CPU.ActiveCfg = Debug|Any CPU
		{1AA69CB6-0235-4D1C-9897-10B22292C0FA}.Debug|Any CPU.Build.0 = Debug|Any CPU
		{1AA69CB6-0235-4D1C-9897-10B22292C0FA}.Release|Any CPU.ActiveCfg = Release|Any CPU
		{1AA69CB6-0235-4D1C-9897-10B22292C0FA}.Release|Any CPU.Build.0 = Release|Any CPU
		{2C5402CB-8DAD-41BC-9421-86E8D5A7F1FC}.Debug|Any CPU.ActiveCfg = Debug|Any CPU
		{2C5402CB-8DAD-41BC-9421-86E8D5A7F1FC}.Debug|Any CPU.Build.0 = Debug|Any CPU
		{2C5402CB-8DAD-41BC-9421-86E8D5A7F1FC}.Release|Any CPU.ActiveCfg = Release|Any CPU
		{2C5402CB-8DAD-41BC-9421-86E8D5A7F1FC}.Release|Any CPU.Build.0 = Release|Any CPU
	EndGlobalSection
	GlobalSection(SolutionProperties) = preSolution
		HideSolutionNode = FALSE
	EndGlobalSection
	GlobalSection(ExtensibilityGlobals) = postSolution
		SolutionGuid = {5E1B40DE-3EBD-4493-8203-B8F1D5A1A0B0}
	EndGlobalSection
EndGlobal
